#include <iostream>
#include <cmath>
#include <math.h>

using namespace std;

const double epsilon = 1e-6;
double f(double x) {
	return acos(x) - sqrt(1 - 0.3 * pow(x, 3));
}

double f1(double x) {
	return -1 / sqrt(1 - pow(x, 2)) + 0.9 * pow(x, 2) / 2 * sqrt(1 - 0.3 * pow(x, 3));
}


double f2(double x) {
	return -x / sqrt(1 - pow(x, 2)) * (1 - pow(x, 2)) + (36 * x * sqrt(10) * abs(10 - 3 * pow(x, 3)) + 81 * pow(x, 4) * sqrt(10)) / 40 * sqrt(10 - 3 * pow(x, 3)) * (10 - 3 * pow(x, 3));
}
	
	 



int main() {
	setlocale(LC_ALL,"Rus");
	double a;
	double b;
	double c;

	
	


	cout << "Введите а: ";
	cin >> a;

	cout <<"Введите b: ";
	cin >> b;

	c = (a + b) / 2;

	if (f(a) * f2(a) > 0)
		a = c;
	else
		b = c;

	while (abs(f(c)) >= epsilon) {
		c = c - (f(c) / f1(c));

	}
	cout<<"X равен: " << c;
	return 0;
