#include <iostream>
#include <cmath>
#include <math.h>
using namespace std;

const double epsilon = 1e-6;

int main() {
	setlocale(LC_ALL, "Rus");
	double a, b, x;
	double fb;
	double fx;
	cout << "Введите a: ";
	cin >> a;
	cout << "Введите b: ";
	cin >> b;


	


	while (abs(b - a) >= epsilon) {
		x = (a + b) / 2;

		fb = acos(b) - sqrt(1 - 0.3 * pow(b, 3));
		fx = acos(x) - sqrt(1 - 0.3 * pow(x, 3));

		if (fb * fx < 0)
			a = x;
		else
			b = x;




	}

	cout <<"X равен: "<<b; 
	

	


	
	

	return 0;
	
}
